<?xml version="1.0" encoding="utf-8"?>
<Project ToolsVersion="4.0" xmlns="http://schemas.microsoft.com/developer/msbuild/2003">
  <ItemGroup>
    <Filter Include="Source Files">
      <UniqueIdentifier>{4FC737F1-C7A5-4376-A066-2A32D752A2FF}</UniqueIdentifier>
      <Extensions>cpp;c;cc;cxx;def;odl;idl;hpj;bat;asm;asmx</Extensions>
    </Filter>
    <Filter Include="Header Files">
      <UniqueIdentifier>{93995380-89BD-4b04-88EB-625FBE52EBFB}</UniqueIdentifier>
      <Extensions>h;hh;hpp;hxx;hm;inl;inc;xsd</Extensions>
    </Filter>
    <Filter Include="Resource Files">
      <UniqueIdentifier>{67DA6AB6-F800-4c08-8B7A-83BB121AAD01}</UniqueIdentifier>
      <Extensions>rc;ico;cur;bmp;dlg;rc2;rct;bin;rgs;gif;jpg;jpeg;jpe;resx;tiff;tif;png;wav</Extensions>
    </Filter>
    <Filter Include="lib">
      <UniqueIdentifier>{efd37a8f-22dd-466a-a6d7-78120df31e4c}</UniqueIdentifier>
    </Filter>
    <Filter Include="dll">
      <UniqueIdentifier>{7158c383-0bd1-48e5-a6a8-4380a04e37fd}</UniqueIdentifier>
    </Filter>
    <Filter Include="description">
      <UniqueIdentifier>{3a375c4d-3dc8-4cf2-abef-802867856c94}</UniqueIdentifier>
    </Filter>
    <Filter Include="mod">
      <UniqueIdentifier>{46270cf4-c846-4c51-b956-c5b06f668798}</UniqueIdentifier>
    </Filter>
    <Filter Include="mod\xfw_packages">
      <UniqueIdentifier>{f417e01c-5758-4b32-b9ff-aadd4a09f7de}</UniqueIdentifier>
    </Filter>
    <Filter Include="mod\xfw_packages\TrajectoryMod">
      <UniqueIdentifier>{52b49e7f-6ece-41f7-9892-607ba0069d22}</UniqueIdentifier>
    </Filter>
    <Filter Include="mod\xfw_packages\TrajectoryMod\native">
      <UniqueIdentifier>{d710aa5f-2e12-4d1e-a37f-bbc3ec5ef2dd}</UniqueIdentifier>
    </Filter>
    <Filter Include="mod\xfw_packages\TrajectoryMod\python">
      <UniqueIdentifier>{69d1b3bc-eb4c-46f8-86ab-90d8ce3912f1}</UniqueIdentifier>
    </Filter>
  </ItemGroup>
  <ItemGroup>
    <Text Include="description\ErrorCodes.txt">
      <Filter>description</Filter>
    </Text>
    <Text Include="description\Structures.txt">
      <Filter>description</Filter>
    </Text>
  </ItemGroup>
  <ItemGroup>
    <ClCompile Include="API_functions.cpp">
      <Filter>Source Files</Filter>
    </ClCompile>
    <ClCompile Include="Py_main.cpp">
      <Filter>Source Files</Filter>
    </ClCompile>
    <ClCompile Include="..\NY_Event\MyLogger.cpp">
      <Filter>Source Files</Filter>
    </ClCompile>
    <ClCompile Include="CConfig.cpp">
      <Filter>Source Files</Filter>
    </ClCompile>
    <ClCompile Include="Py_config.cpp">
      <Filter>Source Files</Filter>
    </ClCompile>
  </ItemGroup>
  <ItemGroup>
    <ClInclude Include="API_functions.h">
      <Filter>Header Files</Filter>
    </ClInclude>
    <ClInclude Include="Py_config.h">
      <Filter>Header Files</Filter>
    </ClInclude>
    <ClInclude Include="CConfig.h">
      <Filter>Header Files</Filter>
    </ClInclude>
    <ClInclude Include="MyLogger.h">
      <Filter>Header Files</Filter>
    </ClInclude>
  </ItemGroup>
  <ItemGroup>
    <None Include="libcurl.dll">
      <Filter>dll</Filter>
    </None>
    <None Include="mods\xfw_packages\TrajectoryMod\native\libeay32.dll">
      <Filter>mod\xfw_packages\TrajectoryMod\native</Filter>
    </None>
    <None Include="mods\xfw_packages\TrajectoryMod\native\ssleay32.dll">
      <Filter>mod\xfw_packages\TrajectoryMod\native</Filter>
    </None>
    <None Include="mods\xfw_packages\TrajectoryMod\native\TRAJECTORY.lic">
      <Filter>mod\xfw_packages\TrajectoryMod\native</Filter>
    </None>
    <None Include="mods\xfw_packages\TrajectoryMod\native\trj.pyd">
      <Filter>mod\xfw_packages\TrajectoryMod\native</Filter>
    </None>
    <None Include="mods\xfw_packages\TrajectoryMod\native\1.py">
      <Filter>mod\xfw_packages\TrajectoryMod\native</Filter>
    </None>
    <None Include="mods\xfw_packages\TrajectoryMod\native\libcurl.dll">
      <Filter>mod\xfw_packages\TrajectoryMod\native</Filter>
    </None>
    <None Include="mods\xfw_packages\TrajectoryMod\xfw_package.json">
      <Filter>mod\xfw_packages\TrajectoryMod</Filter>
    </None>
    <None Include="mods\xfw_packages\TrajectoryMod\python\Config.pyd">
      <Filter>mod\xfw_packages\TrajectoryMod\python</Filter>
    </None>
    <None Include="mods\xfw_packages\TrajectoryMod\python\Config.pyx">
      <Filter>mod\xfw_packages\TrajectoryMod\python</Filter>
    </None>
    <None Include="mods\xfw_packages\TrajectoryMod\python\Minimap.pyd">
      <Filter>mod\xfw_packages\TrajectoryMod\python</Filter>
    </None>
    <None Include="mods\xfw_packages\TrajectoryMod\python\Minimap.pyx">
      <Filter>mod\xfw_packages\TrajectoryMod\python</Filter>
    </None>
    <None Include="mods\xfw_packages\TrajectoryMod\python\__init__.py">
      <Filter>mod\xfw_packages\TrajectoryMod\python</Filter>
    </None>
    <None Include="TRAJECTORY.lic" />
  </ItemGroup>
  <ItemGroup>
    <Library Include="lib\libcurl.lib">
      <Filter>lib</Filter>
    </Library>
  </ItemGroup>
</Project>